<?xml version="1.0" encoding="utf-8"?>
<Project ToolsVersion="4.0" xmlns="http://schemas.microsoft.com/developer/msbuild/2003">
  <ItemGroup>
    <Filter Include="Source Files">
      <UniqueIdentifier>{4FC737F1-C7A5-4376-A066-2A32D752A2FF}</UniqueIdentifier>
      <Extensions>cpp;c;cc;cxx;def;odl;idl;hpj;bat;asm;asmx</Extensions>
    </Filter>
    <Filter Include="Header Files">
      <UniqueIdentifier>{93995380-89BD-4b04-88EB-625FBE52EBFB}</UniqueIdentifier>
      <Extensions>h;hh;hpp;hxx;hm;inl;inc;ipp;xsd</Extensions>
    </Filter>
    <Filter Include="Resource Files">
      <UniqueIdentifier>{67DA6AB6-F800-4c08-8B7A-83BB121AAD01}</UniqueIdentifier>
      <Extensions>rc;ico;cur;bmp;dlg;rc2;rct;bin;rgs;gif;jpg;jpeg;jpe;resx;tiff;tif;png;wav;mfcribbon-ms</Extensions>
    </Filter>
    <Filter Include="Source Files\IDL">
      <UniqueIdentifier>{583c1ca5-09a8-46e7-a3d8-72d75f03851d}</UniqueIdentifier>
    </Filter>
    <Filter Include="Source Files\Magnifier">
      <UniqueIdentifier>{ceee75a7-a4d1-4408-9c78-9d2241a158fe}</UniqueIdentifier>
    </Filter>
    <Filter Include="Source Files\Generated Files">
      <UniqueIdentifier>{8a6936d9-83b9-4b48-8290-80f260a4965c}</UniqueIdentifier>
    </Filter>
    <Filter Include="Header Files\Generated Files">
      <UniqueIdentifier>{99bd8240-07fb-455d-9238-2b7c56325137}</UniqueIdentifier>
    </Filter>
  </ItemGroup>
  <ItemGroup>
    <ClInclude Include="pch.h">
      <Filter>Header Files</Filter>
    </ClInclude>
    <ClInclude Include="resource.h">
      <Filter>Header Files</Filter>
    </ClInclude>
    <ClInclude Include="renfrew64_h.h">
      <Filter>Header Files\Generated Files</Filter>
    </ClInclude>
  </ItemGroup>
  <ItemGroup>
    <ClCompile Include="pch.cpp">
      <Filter>Source Files</Filter>
    </ClCompile>
    <ClCompile Include="Host64.cpp">
      <Filter>Source Files</Filter>
    </ClCompile>
    <ClCompile Include="Magnifier.cpp">
      <Filter>Source Files\Magnifier</Filter>
    </ClCompile>
    <ClCompile Include="renfrew64_s.cpp">
      <Filter>Source Files\Generated Files</Filter>
    </ClCompile>
    <ClCompile Include="Ping.cpp">
      <Filter>Source Files</Filter>
    </ClCompile>
  </ItemGroup>
  <ItemGroup>
    <ResourceCompile Include="Resource.rc">
      <Filter>Resource Files</Filter>
    </ResourceCompile>
  </ItemGroup>
  <ItemGroup>
    <Image Include="..\Core\Resources\app.ico">
      <Filter>Resource Files</Filter>
    </Image>
  </ItemGroup>
  <ItemGroup>
    <Midl Include="..\RPC\renfrew64.idl">
      <Filter>Source Files\IDL</Filter>
    </Midl>
  </ItemGroup>
  <ItemGroup>
    <None Include="..\RPC\renfrew64.acf">
      <Filter>Source Files\IDL</Filter>
    </None>
  </ItemGroup>
</Project>